
Microsoft Visual Studio Solution File, Format Version 12.00
# Visual Studio Version 17
VisualStudioVersion = 17.13.36105.23
MinimumVisualStudioVersion = 10.0.40219.1
Project("{FAE04EC0-301F-11D3-BF4B-00C04F79EFBC}") = "AutoCV", "AutoCV\AutoCV.csproj", "{FB659656-0B38-4D0E-A8A8-5D5ECBBCB122}"
EndProject
Global
	GlobalSection(SolutionConfigurationPlatforms) = preSolution
		Debug|Any CPU = Debug|Any CPU
		Release|Any CPU = Release|Any CPU
	EndGlobalSection
	GlobalSection(ProjectConfigurationPlatforms) = postSolution
		{FB659656-0B38-4D0E-A8A8-5D5ECBBCB122}.Debug|Any CPU.ActiveCfg = Debug|Any CPU
		{FB659656-0B38-4D0E-A8A8-5D5ECBBCB122}.Debug|Any CPU.Build.0 = Debug|Any CPU
		{FB659656-0B38-4D0E-A8A8-5D5ECBBCB122}.Release|Any CPU.ActiveCfg = Release|Any CPU
		{FB659656-0B38-4D0E-A8A8-5D5ECBBCB122}.Release|Any CPU.Build.0 = Release|Any CPU
	EndGlobalSection
	GlobalSection(SolutionProperties) = preSolution
		HideSolutionNode = FALSE
	EndGlobalSection
	GlobalSection(ExtensibilityGlobals) = postSolution
		SolutionGuid = {E0E785A4-F4D3-4346-9BC8-58673742D589}
	EndGlobalSection
EndGlobal
